
Microsoft Visual Studio Solution File, Format Version 12.00
# Visual Studio Version 16
VisualStudioVersion = 16.0.30204.135
MinimumVisualStudioVersion = 10.0.40219.1
Project("{FAE04EC0-301F-11D3-BF4B-00C04F79EFBC}") = "Lab5.2RockPaperScissors", "Lab5.2RockPaperScissors.csproj", "{05EACDA2-84BC-46B5-ADAC-ABC7086CBE71}"
EndProject
Global
	GlobalSection(SolutionConfigurationPlatforms) = preSolution
		Debug|Any CPU = Debug|Any CPU
		Release|Any CPU = Release|Any CPU
	EndGlobalSection
	GlobalSection(ProjectConfigurationPlatforms) = postSolution
		{05EACDA2-84BC-46B5-ADAC-ABC7086CBE71}.Debug|Any CPU.ActiveCfg = Debug|Any CPU
		{05EACDA2-84BC-46B5-ADAC-ABC7086CBE71}.Debug|Any CPU.Build.0 = Debug|Any CPU
		{05EACDA2-84BC-46B5-ADAC-ABC7086CBE71}.Release|Any CPU.ActiveCfg = Release|Any CPU
		{05EACDA2-84BC-46B5-ADAC-ABC7086CBE71}.Release|Any CPU.Build.0 = Release|Any CPU
	EndGlobalSection
	GlobalSection(SolutionProperties) = preSolution
		HideSolutionNode = FALSE
	EndGlobalSection
	GlobalSection(ExtensibilityGlobals) = postSolution
		SolutionGuid = {7F03D164-6196-4785-9660-2AD03DF89533}
	EndGlobalSection
EndGlobal
